
Microsoft Visual Studio Solution File, Format Version 12.00
# Visual Studio Version 17
VisualStudioVersion = 17.9.34723.18
MinimumVisualStudioVersion = 10.0.40219.1
Project("{FAE04EC0-301F-11D3-BF4B-00C04F79EFBC}") = "Test consola C1", "Test consola C1.csproj", "{249FB58D-FE14-43A1-9227-E6F2CC9144D7}"
EndProject
Project("{FAE04EC0-301F-11D3-BF4B-00C04F79EFBC}") = "Aplicacion Consola C2", "..\Aplicacion Consola C2\Aplicacion Consola C2.csproj", "{12A01755-C683-4987-94BC-049F880C25A7}"
EndProject
Project("{FAE04EC0-301F-11D3-BF4B-00C04F79EFBC}") = "ApiTikets", "..\ApiTikets\ApiTikets.csproj", "{CE650260-EBA3-4A6B-85CC-675B38509F8B}"
EndProject
Global
	GlobalSection(SolutionConfigurationPlatforms) = preSolution
		Debug|Any CPU = Debug|Any CPU
		Release|Any CPU = Release|Any CPU
	EndGlobalSection
	GlobalSection(ProjectConfigurationPlatforms) = postSolution
		{249FB58D-FE14-43A1-9227-E6F2CC9144D7}.Debug|Any CPU.ActiveCfg = Debug|Any CPU
		{249FB58D-FE14-43A1-9227-E6F2CC9144D7}.Debug|Any CPU.Build.0 = Debug|Any CPU
		{249FB58D-FE14-43A1-9227-E6F2CC9144D7}.Release|Any CPU.ActiveCfg = Release|Any CPU
		{249FB58D-FE14-43A1-9227-E6F2CC9144D7}.Release|Any CPU.Build.0 = Release|Any CPU
		{12A01755-C683-4987-94BC-049F880C25A7}.Debug|Any CPU.ActiveCfg = Debug|Any CPU
		{12A01755-C683-4987-94BC-049F880C25A7}.Debug|Any CPU.Build.0 = Debug|Any CPU
		{12A01755-C683-4987-94BC-049F880C25A7}.Release|Any CPU.ActiveCfg = Release|Any CPU
		{12A01755-C683-4987-94BC-049F880C25A7}.Release|Any CPU.Build.0 = Release|Any CPU
		{CE650260-EBA3-4A6B-85CC-675B38509F8B}.Debug|Any CPU.ActiveCfg = Debug|Any CPU
		{CE650260-EBA3-4A6B-85CC-675B38509F8B}.Debug|Any CPU.Build.0 = Debug|Any CPU
		{CE650260-EBA3-4A6B-85CC-675B38509F8B}.Release|Any CPU.ActiveCfg = Release|Any CPU
		{CE650260-EBA3-4A6B-85CC-675B38509F8B}.Release|Any CPU.Build.0 = Release|Any CPU
	EndGlobalSection
	GlobalSection(SolutionProperties) = preSolution
		HideSolutionNode = FALSE
	EndGlobalSection
	GlobalSection(ExtensibilityGlobals) = postSolution
		SolutionGuid = {CF55A52E-2BDF-4DE8-B077-322585786904}
	EndGlobalSection
EndGlobal
