
Microsoft Visual Studio Solution File, Format Version 12.00
# Visual Studio Version 17
VisualStudioVersion = 17.9.34728.123
MinimumVisualStudioVersion = 10.0.40219.1
Project("{FAE04EC0-301F-11D3-BF4B-00C04F79EFBC}") = "DemoAOT", "DemoAOT\DemoAOT.csproj", "{D246808B-89DE-4F66-94F7-D54D42E983B5}"
EndProject
Global
	GlobalSection(SolutionConfigurationPlatforms) = preSolution
		Debug|Any CPU = Debug|Any CPU
		Release|Any CPU = Release|Any CPU
	EndGlobalSection
	GlobalSection(ProjectConfigurationPlatforms) = postSolution
		{D246808B-89DE-4F66-94F7-D54D42E983B5}.Debug|Any CPU.ActiveCfg = Debug|Any CPU
		{D246808B-89DE-4F66-94F7-D54D42E983B5}.Debug|Any CPU.Build.0 = Debug|Any CPU
		{D246808B-89DE-4F66-94F7-D54D42E983B5}.Release|Any CPU.ActiveCfg = Release|Any CPU
		{D246808B-89DE-4F66-94F7-D54D42E983B5}.Release|Any CPU.Build.0 = Release|Any CPU
	EndGlobalSection
	GlobalSection(SolutionProperties) = preSolution
		HideSolutionNode = FALSE
	EndGlobalSection
	GlobalSection(ExtensibilityGlobals) = postSolution
		SolutionGuid = {90409BC7-40BD-45AA-A52C-6B1F7F6C5497}
	EndGlobalSection
EndGlobal
