
Microsoft Visual Studio Solution File, Format Version 12.00
# Visual Studio Version 17
VisualStudioVersion = 17.9.34728.123
MinimumVisualStudioVersion = 10.0.40219.1
Project("{9A19103F-16F7-4668-BE54-9A1E7A4F7556}") = "Tarea_Curso_Jorge", "Tarea_Curso_Jorge\Tarea_Curso_Jorge.csproj", "{43426B71-F371-43FB-A32A-FA4E547E9869}"
EndProject
Project("{9A19103F-16F7-4668-BE54-9A1E7A4F7556}") = "BlazorApp1", "BlazorApp1\BlazorApp1.csproj", "{4466D00F-482C-462E-BB51-EFE6F696BBA1}"
EndProject
Global
	GlobalSection(SolutionConfigurationPlatforms) = preSolution
		Debug|Any CPU = Debug|Any CPU
		Release|Any CPU = Release|Any CPU
	EndGlobalSection
	GlobalSection(ProjectConfigurationPlatforms) = postSolution
		{43426B71-F371-43FB-A32A-FA4E547E9869}.Debug|Any CPU.ActiveCfg = Debug|Any CPU
		{43426B71-F371-43FB-A32A-FA4E547E9869}.Debug|Any CPU.Build.0 = Debug|Any CPU
		{43426B71-F371-43FB-A32A-FA4E547E9869}.Release|Any CPU.ActiveCfg = Release|Any CPU
		{43426B71-F371-43FB-A32A-FA4E547E9869}.Release|Any CPU.Build.0 = Release|Any CPU
		{4466D00F-482C-462E-BB51-EFE6F696BBA1}.Debug|Any CPU.ActiveCfg = Debug|Any CPU
		{4466D00F-482C-462E-BB51-EFE6F696BBA1}.Debug|Any CPU.Build.0 = Debug|Any CPU
		{4466D00F-482C-462E-BB51-EFE6F696BBA1}.Release|Any CPU.ActiveCfg = Release|Any CPU
		{4466D00F-482C-462E-BB51-EFE6F696BBA1}.Release|Any CPU.Build.0 = Release|Any CPU
	EndGlobalSection
	GlobalSection(SolutionProperties) = preSolution
		HideSolutionNode = FALSE
	EndGlobalSection
	GlobalSection(ExtensibilityGlobals) = postSolution
		SolutionGuid = {284A6A45-DCD4-4BCC-9684-E3630F0AA48A}
	EndGlobalSection
EndGlobal
